schema_version: 1
kit_version: "0.1.5"
selected_profile: standard
selected_components:
  - planning-workflows
  - agent-memory
  - agent-interface
  - structure-governance
  - native-codex-capabilities
  - validators
release:
  asset_url: https://github.com/Codeheart-Digital-Solutions/Codeheart-Operating-Kit/releases/download/v0.1.5/codeheart-operating-kit-0.1.5.zip
  checksum_sha256: aaaaaaaaaaaaaaaaaaaaaaaaaaaaaaaaaaaaaaaaaaaaaaaaaaaaaaaaaaaaaaaa
managed_paths:
  - path: .codeheart/kit/docs/agent-interface/README.md
    component: agent-interface
    ownership: managed
    checksum_sha256: bbbbbbbbbbbbbbbbbbbbbbbbbbbbbbbbbbbbbbbbbbbbbbbbbbbbbbbbbbbbbbbb
generated_surfaces:
  - path: AGENTS.md
    component: agent-interface
    ownership: template
  - path: docs/agent-memory/README.md
    component: agent-memory
    ownership: scaffold
cli_repair:
  installed_cli_path: codeheart-operating-kit
  repair_source_url: https://github.com/Codeheart-Digital-Solutions/Codeheart-Operating-Kit/releases/download/v0.1.5/install.sh
  repair_checksum_sha256: cccccccccccccccccccccccccccccccccccccccccccccccccccccccccccccccc
update_check:
  last_update_check_at: "2026-06-13T00:00:00Z"
  next_update_check_due: "2026-06-20T00:00:00Z"
  latest_seen_version: "0.1.5"
  update_status: current
native_capabilities:
  documents:
    status: unknown
    checked_at: "2026-06-13T00:00:00Z"
    profile_applicability: standard
    command_result_category: not-checked
